
Microsoft Visual Studio Solution File, Format Version 12.00
# Visual Studio Version 17
VisualStudioVersion = 17.3.32929.385
MinimumVisualStudioVersion = 10.0.40219.1
Project("{FAE04EC0-301F-11D3-BF4B-00C04F79EFBC}") = "Object-Pooling-Sytsem", "Object-Pooling-Sytsem\Object-Pooling-Sytsem.csproj", "{63434CD8-0BCB-4F86-924D-5424129CF982}"
EndProject
Global
	GlobalSection(SolutionConfigurationPlatforms) = preSolution
		Debug|Any CPU = Debug|Any CPU
		Release|Any CPU = Release|Any CPU
	EndGlobalSection
	GlobalSection(ProjectConfigurationPlatforms) = postSolution
		{63434CD8-0BCB-4F86-924D-5424129CF982}.Debug|Any CPU.ActiveCfg = Debug|Any CPU
		{63434CD8-0BCB-4F86-924D-5424129CF982}.Debug|Any CPU.Build.0 = Debug|Any CPU
		{63434CD8-0BCB-4F86-924D-5424129CF982}.Release|Any CPU.ActiveCfg = Release|Any CPU
		{63434CD8-0BCB-4F86-924D-5424129CF982}.Release|Any CPU.Build.0 = Release|Any CPU
	EndGlobalSection
	GlobalSection(SolutionProperties) = preSolution
		HideSolutionNode = FALSE
	EndGlobalSection
	GlobalSection(ExtensibilityGlobals) = postSolution
		SolutionGuid = {BFDCA077-BA28-47AE-951A-8831F67BC823}
	EndGlobalSection
EndGlobal
